// !$*UTF8*$!
{
	archiveVersion = 1;
	classes = {
	};
	objectVersion = 46;
	objects = {

/* Begin PBXBuildFile section */
		965FA7A21B5D5FF4005FF0D7 /* AppDelegate.swift in Sources */ = {isa = PBXBuildFile; fileRef = 965FA7A11B5D5FF4005FF0D7 /* AppDelegate.swift */; };
		965FA7A41B5D5FF4005FF0D7 /* RecordSoundsViewController.swift in Sources */ = {isa = PBXBuildFile; fileRef = 965FA7A31B5D5FF4005FF0D7 /* RecordSoundsViewController.swift */; };
		965FA7A71B5D5FF4005FF0D7 /* Main.storyboard in Resources */ = {isa = PBXBuildFile; fileRef = 965FA7A51B5D5FF4005FF0D7 /* Main.storyboard */; };
		965FA7A91B5D5FF4005FF0D7 /* Images.xcassets in Resources */ = {isa = PBXBuildFile; fileRef = 965FA7A81B5D5FF4005FF0D7 /* Images.xcassets */; };
		965FA7AC1B5D5FF4005FF0D7 /* LaunchScreen.xib in Resources */ = {isa = PBXBuildFile; fileRef = 965FA7AA1B5D5FF4005FF0D7 /* LaunchScreen.xib */; };
		965FA7B81B5D5FF4005FF0D7 /* Pitch_PerfectTests.swift in Sources */ = {isa = PBXBuildFile; fileRef = 965FA7B71B5D5FF4005FF0D7 /* Pitch_PerfectTests.swift */; };
		96DAEC731B642A9E002A4C67 /* RecordedAudio.swift in Sources */ = {isa = PBXBuildFile; fileRef = 96DAEC721B642A9E002A4C67 /* RecordedAudio.swift */; };
		96FF1AFD1B6DDAB300447E90 /* PlaySpeedsViewController.swift in Sources */ = {isa = PBXBuildFile; fileRef = 96FF1AFC1B6DDAB300447E90 /* PlaySpeedsViewController.swift */; };
/* End PBXBuildFile section */

/* Begin PBXContainerItemProxy section */
		965FA7B21B5D5FF4005FF0D7 /* PBXContainerItemProxy */ = {
			isa = PBXContainerItemProxy;
			containerPortal = 965FA7941B5D5FF4005FF0D7 /* Project object */;
			proxyType = 1;
			remoteGlobalIDString = 965FA79B1B5D5FF4005FF0D7;
			remoteInfo = "Pitch Perfect";
		};
/* End PBXContainerItemProxy section */

/* Begin PBXFileReference section */
		965FA79C1B5D5FF4005FF0D7 /* Pitch Perfect.app */ = {isa = PBXFileReference; explicitFileType = wrapper.application; includeInIndex = 0; path = "Pitch Perfect.app"; sourceTree = BUILT_PRODUCTS_DIR; };
		965FA7A01B5D5FF4005FF0D7 /* Info.plist */ = {isa = PBXFileReference; lastKnownFileType = text.plist.xml; path = Info.plist; sourceTree = "<group>"; };
		965FA7A11B5D5FF4005FF0D7 /* AppDelegate.swift */ = {isa = PBXFileReference; lastKnownFileType = sourcecode.swift; path = AppDelegate.swift; sourceTree = "<group>"; };
		965FA7A31B5D5FF4005FF0D7 /* RecordSoundsViewController.swift */ = {isa = PBXFileReference; lastKnownFileType = sourcecode.swift; path = RecordSoundsViewController.swift; sourceTree = "<group>"; };
		965FA7A61B5D5FF4005FF0D7 /* Base */ = {isa = PBXFileReference; lastKnownFileType = file.storyboard; name = Base; path = Base.lproj/Main.storyboard; sourceTree = "<group>"; };
		965FA7A81B5D5FF4005FF0D7 /* Images.xcassets */ = {isa = PBXFileReference; lastKnownFileType = folder.assetcatalog; path = Images.xcassets; sourceTree = "<group>"; };
		965FA7AB1B5D5FF4005FF0D7 /* Base */ = {isa = PBXFileReference; lastKnownFileType = file.xib; name = Base; path = Base.lproj/LaunchScreen.xib; sourceTree = "<group>"; };
		965FA7B11B5D5FF4005FF0D7 /* Pitch PerfectTests.xctest */ = {isa = PBXFileReference; explicitFileType = wrapper.cfbundle; includeInIndex = 0; path = "Pitch PerfectTests.xctest"; sourceTree = BUILT_PRODUCTS_DIR; };
		965FA7B61B5D5FF4005FF0D7 /* Info.plist */ = {isa = PBXFileReference; lastKnownFileType = text.plist.xml; path = Info.plist; sourceTree = "<group>"; };
		965FA7B71B5D5FF4005FF0D7 /* Pitch_PerfectTests.swift */ = {isa = PBXFileReference; lastKnownFileType = sourcecode.swift; path = Pitch_PerfectTests.swift; sourceTree = "<group>"; };
		96DAEC721B642A9E002A4C67 /* RecordedAudio.swift */ = {isa = PBXFileReference; fileEncoding = 4; lastKnownFileType = sourcecode.swift; path = RecordedAudio.swift; sourceTree = "<group>"; };
		96FF1AFC1B6DDAB300447E90 /* PlaySpeedsViewController.swift */ = {isa = PBXFileReference; fileEncoding = 4; lastKnownFileType = sourcecode.swift; path = PlaySpeedsViewController.swift; sourceTree = "<group>"; };
/* End PBXFileReference section */

/* Begin PBXFrameworksBuildPhase section */
		965FA7991B5D5FF4005FF0D7 /* Frameworks */ = {
			isa = PBXFrameworksBuildPhase;
			buildActionMask = 2147483647;
			files = (
			);
			runOnlyForDeploymentPostprocessing = 0;
		};
		965FA7AE1B5D5FF4005FF0D7 /* Frameworks */ = {
			isa = PBXFrameworksBuildPhase;
			buildActionMask = 2147483647;
			files = (
			);
			runOnlyForDeploymentPostprocessing = 0;
		};
/* End PBXFrameworksBuildPhase section */

/* Begin PBXGroup section */
		965FA7931B5D5FF4005FF0D7 = {
			isa = PBXGroup;
			children = (
				965FA79E1B5D5FF4005FF0D7 /* Pitch Perfect */,
				965FA7B41B5D5FF4005FF0D7 /* Pitch PerfectTests */,
				965FA79D1B5D5FF4005FF0D7 /* Products */,
			);
			sourceTree = "<group>";
		};
		965FA79D1B5D5FF4005FF0D7 /* Products */ = {
			isa = PBXGroup;
			children = (
				965FA79C1B5D5FF4005FF0D7 /* Pitch Perfect.app */,
				965FA7B11B5D5FF4005FF0D7 /* Pitch PerfectTests.xctest */,
			);
			name = Products;
			sourceTree = "<group>";
		};
		965FA79E1B5D5FF4005FF0D7 /* Pitch Perfect */ = {
			isa = PBXGroup;
			children = (
				965FA7A11B5D5FF4005FF0D7 /* AppDelegate.swift */,
				965FA7A31B5D5FF4005FF0D7 /* RecordSoundsViewController.swift */,
				96FF1AFC1B6DDAB300447E90 /* PlaySpeedsViewController.swift */,
				965FA7A51B5D5FF4005FF0D7 /* Main.storyboard */,
				96DAEC721B642A9E002A4C67 /* RecordedAudio.swift */,
				965FA7A81B5D5FF4005FF0D7 /* Images.xcassets */,
				965FA7AA1B5D5FF4005FF0D7 /* LaunchScreen.xib */,
				965FA79F1B5D5FF4005FF0D7 /* Supporting Files */,
			);
			path = "Pitch Perfect";
			sourceTree = "<group>";
		};
		965FA79F1B5D5FF4005FF0D7 /* Supporting Files */ = {
			isa = PBXGroup;
			children = (
				965FA7A01B5D5FF4005FF0D7 /* Info.plist */,
			);
			name = "Supporting Files";
			sourceTree = "<group>";
		};
		965FA7B41B5D5FF4005FF0D7 /* Pitch PerfectTests */ = {
			isa = PBXGroup;
			children = (
				965FA7B71B5D5FF4005FF0D7 /* Pitch_PerfectTests.swift */,
				965FA7B51B5D5FF4005FF0D7 /* Supporting Files */,
			);
			path = "Pitch PerfectTests";
			sourceTree = "<group>";
		};
		965FA7B51B5D5FF4005FF0D7 /* Supporting Files */ = {
			isa = PBXGroup;
			children = (
				965FA7B61B5D5FF4005FF0D7 /* Info.plist */,
			);
			name = "Supporting Files";
			sourceTree = "<group>";
		};
/* End PBXGroup section */

/* Begin PBXNativeTarget section */
		965FA79B1B5D5FF4005FF0D7 /* Pitch Perfect */ = {
			isa = PBXNativeTarget;
			buildConfigurationList = 965FA7BB1B5D5FF4005FF0D7 /* Build configuration list for PBXNativeTarget "Pitch Perfect" */;
			buildPhases = (
				965FA7981B5D5FF4005FF0D7 /* Sources */,
				965FA7991B5D5FF4005FF0D7 /* Frameworks */,
				965FA79A1B5D5FF4005FF0D7 /* Resources */,
			);
			buildRules = (
			);
			dependencies = (
			);
			name = "Pitch Perfect";
			productName = "Pitch Perfect";
			productReference = 965FA79C1B5D5FF4005FF0D7 /* Pitch Perfect.app */;
			productType = "com.apple.product-type.application";
		};
		965FA7B01B5D5FF4005FF0D7 /* Pitch PerfectTests */ = {
			isa = PBXNativeTarget;
			buildConfigurationList = 965FA7BE1B5D5FF4005FF0D7 /* Build configuration list for PBXNativeTarget "Pitch PerfectTests" */;
			buildPhases = (
				965FA7AD1B5D5FF4005FF0D7 /* Sources */,
				965FA7AE1B5D5FF4005FF0D7 /* Frameworks */,
				965FA7AF1B5D5FF4005FF0D7 /* Resources */,
			);
			buildRules = (
			);
			dependencies = (
				965FA7B31B5D5FF4005FF0D7 /* PBXTargetDependency */,
			);
			name = "Pitch PerfectTests";
			productName = "Pitch PerfectTests";
			productReference = 965FA7B11B5D5FF4005FF0D7 /* Pitch PerfectTests.xctest */;
			productType = "com.apple.product-type.bundle.unit-test";
		};
/* End PBXNativeTarget section */

/* Begin PBXProject section */
		965FA7941B5D5FF4005FF0D7 /* Project object */ = {
			isa = PBXProject;
			attributes = {
				LastUpgradeCheck = 0700;
				ORGANIZATIONNAME = "Jason Scott Timmerman";
				TargetAttributes = {
					965FA79B1B5D5FF4005FF0D7 = {
						CreatedOnToolsVersion = 6.3;
					};
					965FA7B01B5D5FF4005FF0D7 = {
						CreatedOnToolsVersion = 6.3;
						TestTargetID = 965FA79B1B5D5FF4005FF0D7;
					};
				};
			};
			buildConfigurationList = 965FA7971B5D5FF4005FF0D7 /* Build configuration list for PBXProject "Pitch Perfect" */;
			compatibilityVersion = "Xcode 3.2";
			developmentRegion = English;
			hasScannedForEncodings = 0;
			knownRegions = (
				en,
				Base,
			);
			mainGroup = 965FA7931B5D5FF4005FF0D7;
			productRefGroup = 965FA79D1B5D5FF4005FF0D7 /* Products */;
			projectDirPath = "";
			projectRoot = "";
			targets = (
				965FA79B1B5D5FF4005FF0D7 /* Pitch Perfect */,
				965FA7B01B5D5FF4005FF0D7 /* Pitch PerfectTests */,
			);
		};
/* End PBXProject section */

/* Begin PBXResourcesBuildPhase section */
		965FA79A1B5D5FF4005FF0D7 /* Resources */ = {
			isa = PBXResourcesBuildPhase;
			buildActionMask = 2147483647;
			files = (
				965FA7A71B5D5FF4005FF0D7 /* Main.storyboard in Resources */,
				965FA7AC1B5D5FF4005FF0D7 /* LaunchScreen.xib in Resources */,
				965FA7A91B5D5FF4005FF0D7 /* Images.xcassets in Resources */,
			);
			runOnlyForDeploymentPostprocessing = 0;
		};
		965FA7AF1B5D5FF4005FF0D7 /* Resources */ = {
			isa = PBXResourcesBuildPhase;
			buildActionMask = 2147483647;
			files = (
			);
			runOnlyForDeploymentPostprocessing = 0;
		};
/* End PBXResourcesBuildPhase section */

/* Begin PBXSourcesBuildPhase section */
		965FA7981B5D5FF4005FF0D7 /* Sources */ = {
			isa = PBXSourcesBuildPhase;
			buildActionMask = 2147483647;
			files = (
				96DAEC731B642A9E002A4C67 /* RecordedAudio.swift in Sources */,
				965FA7A41B5D5FF4005FF0D7 /* RecordSoundsViewController.swift in Sources */,
				96FF1AFD1B6DDAB300447E90 /* PlaySpeedsViewController.swift in Sources */,
				965FA7A21B5D5FF4005FF0D7 /* AppDelegate.swift in Sources */,
			);
			runOnlyForDeploymentPostprocessing = 0;
		};
		965FA7AD1B5D5FF4005FF0D7 /* Sources */ = {
			isa = PBXSourcesBuildPhase;
			buildActionMask = 2147483647;
			files = (
				965FA7B81B5D5FF4005FF0D7 /* Pitch_PerfectTests.swift in Sources */,
			);
			runOnlyForDeploymentPostprocessing = 0;
		};
/* End PBXSourcesBuildPhase section */

/* Begin PBXTargetDependency section */
		965FA7B31B5D5FF4005FF0D7 /* PBXTargetDependency */ = {
			isa = PBXTargetDependency;
			target = 965FA79B1B5D5FF4005FF0D7 /* Pitch Perfect */;
			targetProxy = 965FA7B21B5D5FF4005FF0D7 /* PBXContainerItemProxy */;
		};
/* End PBXTargetDependency section */

/* Begin PBXVariantGroup section */
		965FA7A51B5D5FF4005FF0D7 /* Main.storyboard */ = {
			isa = PBXVariantGroup;
			children = (
				965FA7A61B5D5FF4005FF0D7 /* Base */,
			);
			name = Main.storyboard;
			sourceTree = "<group>";
		};
		965FA7AA1B5D5FF4005FF0D7 /* LaunchScreen.xib */ = {
			isa = PBXVariantGroup;
			children = (
				965FA7AB1B5D5FF4005FF0D7 /* Base */,
			);
			name = LaunchScreen.xib;
			sourceTree = "<group>";
		};
/* End PBXVariantGroup section */

/* Begin XCBuildConfiguration section */
		965FA7B91B5D5FF4005FF0D7 /* Debug */ = {
			isa = XCBuildConfiguration;
			buildSettings = {
				ALWAYS_SEARCH_USER_PATHS = NO;
				CLANG_CXX_LANGUAGE_STANDARD = "gnu++0x";
				CLANG_CXX_LIBRARY = "libc++";
				CLANG_ENABLE_MODULES = YES;
				CLANG_ENABLE_OBJC_ARC = YES;
				CLANG_WARN_BOOL_CONVERSION = YES;
				CLANG_WARN_CONSTANT_CONVERSION = YES;
				CLANG_WARN_DIRECT_OBJC_ISA_USAGE = YES_ERROR;
				CLANG_WARN_EMPTY_BODY = YES;
				CLANG_WARN_ENUM_CONVERSION = YES;
				CLANG_WARN_INT_CONVERSION = YES;
				CLANG_WARN_OBJC_ROOT_CLASS = YES_ERROR;
				CLANG_WARN_UNREACHABLE_CODE = YES;
				CLANG_WARN__DUPLICATE_METHOD_MATCH = YES;
				"CODE_SIGN_IDENTITY[sdk=iphoneos*]" = "iPhone Developer";
				COPY_PHASE_STRIP = NO;
				DEBUG_INFORMATION_FORMAT = "dwarf-with-dsym";
				ENABLE_STRICT_OBJC_MSGSEND = YES;
				ENABLE_TESTABILITY = YES;
				GCC_C_LANGUAGE_STANDARD = gnu99;
				GCC_DYNAMIC_NO_PIC = NO;
				GCC_NO_COMMON_BLOCKS = YES;
				GCC_OPTIMIZATION_LEVEL = 0;
				GCC_PREPROCESSOR_DEFINITIONS = (
					"DEBUG=1",
					"$(inherited)",
				);
				GCC_SYMBOLS_PRIVATE_EXTERN = NO;
				GCC_WARN_64_TO_32_BIT_CONVERSION = YES;
				GCC_WARN_ABOUT_RETURN_TYPE = YES_ERROR;
				GCC_WARN_UNDECLARED_SELECTOR = YES;
				GCC_WARN_UNINITIALIZED_AUTOS = YES_AGGRESSIVE;
				GCC_WARN_UNUSED_FUNCTION = YES;
				GCC_WARN_UNUSED_VARIABLE = YES;
				IPHONEOS_DEPLOYMENT_TARGET = 8.4;
				MTL_ENABLE_DEBUG_INFO = YES;
				ONLY_ACTIVE_ARCH = YES;
				SDKROOT = iphoneos;
				SWIFT_OPTIMIZATION_LEVEL = "-Onone";
			};
			name = Debug;
		};
		965FA7BA1B5D5FF4005FF0D7 /* Release */ = {
			isa = XCBuildConfiguration;
			buildSettings = {
				ALWAYS_SEARCH_USER_PATHS = NO;
				CLANG_CXX_LANGUAGE_STANDARD = "gnu++0x";
				CLANG_CXX_LIBRARY = "libc++";
				CLANG_ENABLE_MODULES = YES;
				CLANG_ENABLE_OBJC_ARC = YES;
				CLANG_WARN_BOOL_CONVERSION = YES;
				CLANG_WARN_CONSTANT_CONVERSION = YES;
				CLANG_WARN_DIRECT_OBJC_ISA_USAGE = YES_ERROR;
				CLANG_WARN_EMPTY_BODY = YES;
				CLANG_WARN_ENUM_CONVERSION = YES;
				CLANG_WARN_INT_CONVERSION = YES;
				CLANG_WARN_OBJC_ROOT_CLASS = YES_ERROR;
				CLANG_WARN_UNREACHABLE_CODE = YES;
				CLANG_WARN__DUPLICATE_METHOD_MATCH = YES;
				"CODE_SIGN_IDENTITY[sdk=iphoneos*]" = "iPhone Developer";
				COPY_PHASE_STRIP = NO;
				DEBUG_INFORMATION_FORMAT = "dwarf-with-dsym";
				ENABLE_NS_ASSERTIONS = NO;
				ENABLE_STRICT_OBJC_MSGSEND = YES;
				GCC_C_LANGUAGE_STANDARD = gnu99;
				GCC_NO_COMMON_BLOCKS = YES;
				GCC_WARN_64_TO_32_BIT_CONVERSION = YES;
				GCC_WARN_ABOUT_RETURN_TYPE = YES_ERROR;
				GCC_WARN_UNDECLARED_SELECTOR = YES;
				GCC_WARN_UNINITIALIZED_AUTOS = YES_AGGRESSIVE;
				GCC_WARN_UNUSED_FUNCTION = YES;
				GCC_WARN_UNUSED_VARIABLE = YES;
				IPHONEOS_DEPLOYMENT_TARGET = 8.4;
				MTL_ENABLE_DEBUG_INFO = NO;
				SDKROOT = iphoneos;
				VALIDATE_PRODUCT = YES;
			};
			name = Release;
		};
		965FA7BC1B5D5FF4005FF0D7 /* Debug */ = {
			isa = XCBuildConfiguration;
			buildSettings = {
				ASSETCATALOG_COMPILER_APPICON_NAME = AppIcon;
				INFOPLIST_FILE = "Pitch Perfect/Info.plist";
				LD_RUNPATH_SEARCH_PATHS = "$(inherited) @executable_path/Frameworks";
				PRODUCT_BUNDLE_IDENTIFIER = "edu.timmerman.$(PRODUCT_NAME:rfc1034identifier)";
				PRODUCT_NAME = "$(TARGET_NAME)";
			};
			name = Debug;
		};
		965FA7BD1B5D5FF4005FF0D7 /* Release */ = {
			isa = XCBuildConfiguration;
			buildSettings = {
				ASSETCATALOG_COMPILER_APPICON_NAME = AppIcon;
				INFOPLIST_FILE = "Pitch Perfect/Info.plist";
				LD_RUNPATH_SEARCH_PATHS = "$(inherited) @executable_path/Frameworks";
				PRODUCT_BUNDLE_IDENTIFIER = "edu.timmerman.$(PRODUCT_NAME:rfc1034identifier)";
				PRODUCT_NAME = "$(TARGET_NAME)";
			};
			name = Release;
		};
		965FA7BF1B5D5FF4005FF0D7 /* Debug */ = {
			isa = XCBuildConfiguration;
			buildSettings = {
				BUNDLE_LOADER = "$(TEST_HOST)";
				FRAMEWORK_SEARCH_PATHS = (
					"$(SDKROOT)/Developer/Library/Frameworks",
					"$(inherited)",
				);
				GCC_PREPROCESSOR_DEFINITIONS = (
					"DEBUG=1",
					"$(inherited)",
				);
				INFOPLIST_FILE = "Pitch PerfectTests/Info.plist";
				LD_RUNPATH_SEARCH_PATHS = "$(inherited) @executable_path/Frameworks @loader_path/Frameworks";
				PRODUCT_BUNDLE_IDENTIFIER = "edu.timmerman.$(PRODUCT_NAME:rfc1034identifier)";
				PRODUCT_NAME = "$(TARGET_NAME)";
				TEST_HOST = "$(BUILT_PRODUCTS_DIR)/Pitch Perfect.app/Pitch Perfect";
			};
			name = Debug;
		};
		965FA7C01B5D5FF4005FF0D7 /* Release */ = {
			isa = XCBuildConfiguration;
			buildSettings = {
				BUNDLE_LOADER = "$(TEST_HOST)";
				FRAMEWORK_SEARCH_PATHS = (
					"$(SDKROOT)/Developer/Library/Frameworks",
					"$(inherited)",
				);
				INFOPLIST_FILE = "Pitch PerfectTests/Info.plist";
				LD_RUNPATH_SEARCH_PATHS = "$(inherited) @executable_path/Frameworks @loader_path/Frameworks";
				PRODUCT_BUNDLE_IDENTIFIER = "edu.timmerman.$(PRODUCT_NAME:rfc1034identifier)";
				PRODUCT_NAME = "$(TARGET_NAME)";
				TEST_HOST = "$(BUILT_PRODUCTS_DIR)/Pitch Perfect.app/Pitch Perfect";
			};
			name = Release;
		};
/* End XCBuildConfiguration section */

/* Begin XCConfigurationList section */
		965FA7971B5D5FF4005FF0D7 /* Build configuration list for PBXProject "Pitch Perfect" */ = {
			isa = XCConfigurationList;
			buildConfigurations = (
				965FA7B91B5D5FF4005FF0D7 /* Debug */,
				965FA7BA1B5D5FF4005FF0D7 /* Release */,
			);
			defaultConfigurationIsVisible = 0;
			defaultConfigurationName = Release;
		};
		965FA7BB1B5D5FF4005FF0D7 /* Build configuration list for PBXNativeTarget "Pitch Perfect" */ = {
			isa = XCConfigurationList;
			buildConfigurations = (
				965FA7BC1B5D5FF4005FF0D7 /* Debug */,
				965FA7BD1B5D5FF4005FF0D7 /* Release */,
			);
			defaultConfigurationIsVisible = 0;
			defaultConfigurationName = Release;
		};
		965FA7BE1B5D5FF4005FF0D7 /* Build configuration list for PBXNativeTarget "Pitch PerfectTests" */ = {
			isa = XCConfigurationList;
			buildConfigurations = (
				965FA7BF1B5D5FF4005FF0D7 /* Debug */,
				965FA7C01B5D5FF4005FF0D7 /* Release */,
			);
			defaultConfigurationIsVisible = 0;
			defaultConfigurationName = Release;
		};
/* End XCConfigurationList section */
	};
	rootObject = 965FA7941B5D5FF4005FF0D7 /* Project object */;
}
